// !$*UTF8*$!
{
	archiveVersion = 1;
	classes = {
	};
	objectVersion = 46;
	objects = {

/* Begin PBXBuildFile section */
		66CF2D191F18FE9000CC733C /* main.cpp in Sources */ = {isa = PBXBuildFile; fileRef = 66CF2D181F18FE9000CC733C /* main.cpp */; };
		66CF2D211F18FEE100CC733C /* PokerClasses.cpp in Sources */ = {isa = PBXBuildFile; fileRef = 66CF2D1F1F18FEE100CC733C /* PokerClasses.cpp */; };
/* End PBXBuildFile section */

/* Begin PBXCopyFilesBuildPhase section */
		66CF2D131F18FE9000CC733C /* CopyFiles */ = {
			isa = PBXCopyFilesBuildPhase;
			buildActionMask = 2147483647;
			dstPath = /usr/share/man/man1/;
			dstSubfolderSpec = 0;
			files = (
			);
			runOnlyForDeploymentPostprocessing = 1;
		};
/* End PBXCopyFilesBuildPhase section */

/* Begin PBXFileReference section */
		66CF2D151F18FE9000CC733C /* HoldemGame */ = {isa = PBXFileReference; explicitFileType = "compiled.mach-o.executable"; includeInIndex = 0; path = HoldemGame; sourceTree = BUILT_PRODUCTS_DIR; };
		66CF2D181F18FE9000CC733C /* main.cpp */ = {isa = PBXFileReference; lastKnownFileType = sourcecode.cpp.cpp; path = main.cpp; sourceTree = "<group>"; };
		66CF2D1F1F18FEE100CC733C /* PokerClasses.cpp */ = {isa = PBXFileReference; fileEncoding = 4; lastKnownFileType = sourcecode.cpp.cpp; path = PokerClasses.cpp; sourceTree = "<group>"; };
		66CF2D201F18FEE100CC733C /* PokerClasses.hpp */ = {isa = PBXFileReference; fileEncoding = 4; lastKnownFileType = sourcecode.cpp.h; path = PokerClasses.hpp; sourceTree = "<group>"; };
/* End PBXFileReference section */

/* Begin PBXFrameworksBuildPhase section */
		66CF2D121F18FE9000CC733C /* Frameworks */ = {
			isa = PBXFrameworksBuildPhase;
			buildActionMask = 2147483647;
			files = (
			);
			runOnlyForDeploymentPostprocessing = 0;
		};
/* End PBXFrameworksBuildPhase section */

/* Begin PBXGroup section */
		66CF2D0C1F18FE9000CC733C = {
			isa = PBXGroup;
			children = (
				66CF2D171F18FE9000CC733C /* HoldemGame */,
				66CF2D161F18FE9000CC733C /* Products */,
			);
			sourceTree = "<group>";
		};
		66CF2D161F18FE9000CC733C /* Products */ = {
			isa = PBXGroup;
			children = (
				66CF2D151F18FE9000CC733C /* HoldemGame */,
			);
			name = Products;
			sourceTree = "<group>";
		};
		66CF2D171F18FE9000CC733C /* HoldemGame */ = {
			isa = PBXGroup;
			children = (
				66CF2D181F18FE9000CC733C /* main.cpp */,
				66CF2D1F1F18FEE100CC733C /* PokerClasses.cpp */,
				66CF2D201F18FEE100CC733C /* PokerClasses.hpp */,
			);
			path = HoldemGame;
			sourceTree = "<group>";
		};
/* End PBXGroup section */

/* Begin PBXNativeTarget section */
		66CF2D141F18FE9000CC733C /* HoldemGame */ = {
			isa = PBXNativeTarget;
			buildConfigurationList = 66CF2D1C1F18FE9000CC733C /* Build configuration list for PBXNativeTarget "HoldemGame" */;
			buildPhases = (
				66CF2D111F18FE9000CC733C /* Sources */,
				66CF2D121F18FE9000CC733C /* Frameworks */,
				66CF2D131F18FE9000CC733C /* CopyFiles */,
			);
			buildRules = (
			);
			dependencies = (
			);
			name = HoldemGame;
			productName = HoldemGame;
			productReference = 66CF2D151F18FE9000CC733C /* HoldemGame */;
			productType = "com.apple.product-type.tool";
		};
/* End PBXNativeTarget section */

/* Begin PBXProject section */
		66CF2D0D1F18FE9000CC733C /* Project object */ = {
			isa = PBXProject;
			attributes = {
				LastUpgradeCheck = 0730;
				ORGANIZATIONNAME = Adam;
				TargetAttributes = {
					66CF2D141F18FE9000CC733C = {
						CreatedOnToolsVersion = 7.3.1;
					};
				};
			};
			buildConfigurationList = 66CF2D101F18FE9000CC733C /* Build configuration list for PBXProject "HoldemGame" */;
			compatibilityVersion = "Xcode 3.2";
			developmentRegion = English;
			hasScannedForEncodings = 0;
			knownRegions = (
				en,
			);
			mainGroup = 66CF2D0C1F18FE9000CC733C;
			productRefGroup = 66CF2D161F18FE9000CC733C /* Products */;
			projectDirPath = "";
			projectRoot = "";
			targets = (
				66CF2D141F18FE9000CC733C /* HoldemGame */,
			);
		};
/* End PBXProject section */

/* Begin PBXSourcesBuildPhase section */
		66CF2D111F18FE9000CC733C /* Sources */ = {
			isa = PBXSourcesBuildPhase;
			buildActionMask = 2147483647;
			files = (
				66CF2D211F18FEE100CC733C /* PokerClasses.cpp in Sources */,
				66CF2D191F18FE9000CC733C /* main.cpp in Sources */,
			);
			runOnlyForDeploymentPostprocessing = 0;
		};
/* End PBXSourcesBuildPhase section */

/* Begin XCBuildConfiguration section */
		66CF2D1A1F18FE9000CC733C /* Debug */ = {
			isa = XCBuildConfiguration;
			buildSettings = {
				ALWAYS_SEARCH_USER_PATHS = NO;
				CLANG_ANALYZER_NONNULL = YES;
				CLANG_CXX_LANGUAGE_STANDARD = "gnu++0x";
				CLANG_CXX_LIBRARY = "libc++";
				CLANG_ENABLE_MODULES = YES;
				CLANG_ENABLE_OBJC_ARC = YES;
				CLANG_WARN_BOOL_CONVERSION = YES;
				CLANG_WARN_CONSTANT_CONVERSION = YES;
				CLANG_WARN_DIRECT_OBJC_ISA_USAGE = YES_ERROR;
				CLANG_WARN_EMPTY_BODY = YES;
				CLANG_WARN_ENUM_CONVERSION = YES;
				CLANG_WARN_INT_CONVERSION = YES;
				CLANG_WARN_OBJC_ROOT_CLASS = YES_ERROR;
				CLANG_WARN_UNREACHABLE_CODE = YES;
				CLANG_WARN__DUPLICATE_METHOD_MATCH = YES;
				CODE_SIGN_IDENTITY = "-";
				COPY_PHASE_STRIP = NO;
				DEBUG_INFORMATION_FORMAT = dwarf;
				ENABLE_STRICT_OBJC_MSGSEND = YES;
				ENABLE_TESTABILITY = YES;
				GCC_C_LANGUAGE_STANDARD = gnu99;
				GCC_DYNAMIC_NO_PIC = NO;
				GCC_NO_COMMON_BLOCKS = YES;
				GCC_OPTIMIZATION_LEVEL = 0;
				GCC_PREPROCESSOR_DEFINITIONS = (
					"DEBUG=1",
					"$(inherited)",
				);
				GCC_WARN_64_TO_32_BIT_CONVERSION = YES;
				GCC_WARN_ABOUT_RETURN_TYPE = YES_ERROR;
				GCC_WARN_UNDECLARED_SELECTOR = YES;
				GCC_WARN_UNINITIALIZED_AUTOS = YES_AGGRESSIVE;
				GCC_WARN_UNUSED_FUNCTION = YES;
				GCC_WARN_UNUSED_VARIABLE = YES;
				MACOSX_DEPLOYMENT_TARGET = 10.11;
				MTL_ENABLE_DEBUG_INFO = YES;
				ONLY_ACTIVE_ARCH = YES;
				SDKROOT = macosx;
			};
			name = Debug;
		};
		66CF2D1B1F18FE9000CC733C /* Release */ = {
			isa = XCBuildConfiguration;
			buildSettings = {
				ALWAYS_SEARCH_USER_PATHS = NO;
				CLANG_ANALYZER_NONNULL = YES;
				CLANG_CXX_LANGUAGE_STANDARD = "gnu++0x";
				CLANG_CXX_LIBRARY = "libc++";
				CLANG_ENABLE_MODULES = YES;
				CLANG_ENABLE_OBJC_ARC = YES;
				CLANG_WARN_BOOL_CONVERSION = YES;
				CLANG_WARN_CONSTANT_CONVERSION = YES;
				CLANG_WARN_DIRECT_OBJC_ISA_USAGE = YES_ERROR;
				CLANG_WARN_EMPTY_BODY = YES;
				CLANG_WARN_ENUM_CONVERSION = YES;
				CLANG_WARN_INT_CONVERSION = YES;
				CLANG_WARN_OBJC_ROOT_CLASS = YES_ERROR;
				CLANG_WARN_UNREACHABLE_CODE = YES;
				CLANG_WARN__DUPLICATE_METHOD_MATCH = YES;
				CODE_SIGN_IDENTITY = "-";
				COPY_PHASE_STRIP = NO;
				DEBUG_INFORMATION_FORMAT = "dwarf-with-dsym";
				ENABLE_NS_ASSERTIONS = NO;
				ENABLE_STRICT_OBJC_MSGSEND = YES;
				GCC_C_LANGUAGE_STANDARD = gnu99;
				GCC_NO_COMMON_BLOCKS = YES;
				GCC_WARN_64_TO_32_BIT_CONVERSION = YES;
				GCC_WARN_ABOUT_RETURN_TYPE = YES_ERROR;
				GCC_WARN_UNDECLARED_SELECTOR = YES;
				GCC_WARN_UNINITIALIZED_AUTOS = YES_AGGRESSIVE;
				GCC_WARN_UNUSED_FUNCTION = YES;
				GCC_WARN_UNUSED_VARIABLE = YES;
				MACOSX_DEPLOYMENT_TARGET = 10.11;
				MTL_ENABLE_DEBUG_INFO = NO;
				SDKROOT = macosx;
			};
			name = Release;
		};
		66CF2D1D1F18FE9000CC733C /* Debug */ = {
			isa = XCBuildConfiguration;
			buildSettings = {
				PRODUCT_NAME = "$(TARGET_NAME)";
			};
			name = Debug;
		};
		66CF2D1E1F18FE9000CC733C /* Release */ = {
			isa = XCBuildConfiguration;
			buildSettings = {
				PRODUCT_NAME = "$(TARGET_NAME)";
			};
			name = Release;
		};
/* End XCBuildConfiguration section */

/* Begin XCConfigurationList section */
		66CF2D101F18FE9000CC733C /* Build configuration list for PBXProject "HoldemGame" */ = {
			isa = XCConfigurationList;
			buildConfigurations = (
				66CF2D1A1F18FE9000CC733C /* Debug */,
				66CF2D1B1F18FE9000CC733C /* Release */,
			);
			defaultConfigurationIsVisible = 0;
			defaultConfigurationName = Release;
		};
		66CF2D1C1F18FE9000CC733C /* Build configuration list for PBXNativeTarget "HoldemGame" */ = {
			isa = XCConfigurationList;
			buildConfigurations = (
				66CF2D1D1F18FE9000CC733C /* Debug */,
				66CF2D1E1F18FE9000CC733C /* Release */,
			);
			defaultConfigurationIsVisible = 0;
		};
/* End XCConfigurationList section */
	};
	rootObject = 66CF2D0D1F18FE9000CC733C /* Project object */;
}
